
Microsoft Visual Studio Solution File, Format Version 12.00
# Visual Studio Version 17
VisualStudioVersion = 17.10.35013.160
MinimumVisualStudioVersion = 10.0.40219.1
Project("{FAE04EC0-301F-11D3-BF4B-00C04F79EFBC}") = "Heurystyka", "Heurystyka\Heurystyka.csproj", "{946AC684-5728-4197-8BEB-BE4CFAD6ECC4}"
EndProject
Global
	GlobalSection(SolutionConfigurationPlatforms) = preSolution
		Debug|Any CPU = Debug|Any CPU
		Release|Any CPU = Release|Any CPU
	EndGlobalSection
	GlobalSection(ProjectConfigurationPlatforms) = postSolution
		{946AC684-5728-4197-8BEB-BE4CFAD6ECC4}.Debug|Any CPU.ActiveCfg = Debug|Any CPU
		{946AC684-5728-4197-8BEB-BE4CFAD6ECC4}.Debug|Any CPU.Build.0 = Debug|Any CPU
		{946AC684-5728-4197-8BEB-BE4CFAD6ECC4}.Release|Any CPU.ActiveCfg = Release|Any CPU
		{946AC684-5728-4197-8BEB-BE4CFAD6ECC4}.Release|Any CPU.Build.0 = Release|Any CPU
	EndGlobalSection
	GlobalSection(SolutionProperties) = preSolution
		HideSolutionNode = FALSE
	EndGlobalSection
	GlobalSection(ExtensibilityGlobals) = postSolution
		SolutionGuid = {AA1226D8-6522-4685-9DBD-FBD8A631AEEA}
	EndGlobalSection
EndGlobal
